# This file is generated by running "yarn install" inside your project.
# Manual changes might be lost - proceed with caution!

__metadata:
  version: 6
  cacheKey: 8

"@types/prop-types@npm:*":
  version: 15.7.5
  resolution: "@types/prop-types@npm:15.7.5"
  checksum: 5b43b8b15415e1f298243165f1d44390403bb2bd42e662bca3b5b5633fdd39c938e91b7fce3a9483699db0f7a715d08cef220c121f723a634972fdf596aec980
  languageName: node
  linkType: hard

"@types/react-dom@npm:^18.0.5":
  version: 18.0.5
  resolution: "@types/react-dom@npm:18.0.5"
  dependencies:
    "@types/react": "*"
  checksum: cd48b81950f499b52a3f0c08261f00046f9b7c96699fa249c9664e257e820daf6ecac815cd1028cebc9d105094adc39d047d1efd79214394b8b2d515574c0787
  languageName: node
  linkType: hard

"@types/react@npm:*, @types/react@npm:^18.0.14":
  version: 18.0.14
  resolution: "@types/react@npm:18.0.14"
  dependencies:
    "@types/prop-types": "*"
    "@types/scheduler": "*"
    csstype: ^3.0.2
  checksum: 608eb57a383eedc54c79949673e5e8314f6b0c61542bff58721c8c47a18c23e2832e77c656050c2c2c004b62cf25582136c7c56fe1b6263a285c065fae31dbcf
  languageName: node
  linkType: hard

"@types/scheduler@npm:*":
  version: 0.16.2
  resolution: "@types/scheduler@npm:0.16.2"
  checksum: b6b4dcfeae6deba2e06a70941860fb1435730576d3689225a421280b7742318d1548b3d22c1f66ab68e414f346a9542f29240bc955b6332c5b11e561077583bc
  languageName: node
  linkType: hard

"buffer-from@npm:^1.0.0":
  version: 1.1.2
  resolution: "buffer-from@npm:1.1.2"
  checksum: 0448524a562b37d4d7ed9efd91685a5b77a50672c556ea254ac9a6d30e3403a517d8981f10e565db24e8339413b43c97ca2951f10e399c6125a0d8911f5679bb
  languageName: node
  linkType: hard

"checkers@workspace:.":
  version: 0.0.0-use.local
  resolution: "checkers@workspace:."
  dependencies:
    "@types/react": ^18.0.14
    "@types/react-dom": ^18.0.5
    esbuild: ^0.14.47
    esbuild-runner: ^2.2.1
    react: ^18.2.0
    react-dom: ^18.2.0
  languageName: unknown
  linkType: soft

"csstype@npm:^3.0.2":
  version: 3.1.0
  resolution: "csstype@npm:3.1.0"
  checksum: 644e986cefab86525f0b674a06889cfdbb1f117e5b7d1ce0fc55b0423ecc58807a1ea42ecc75c4f18999d14fc42d1d255f84662a45003a52bb5840e977eb2ffd
  languageName: node
  linkType: hard

"esbuild-android-64@npm:0.14.47":
  version: 0.14.47
  resolution: "esbuild-android-64@npm:0.14.47"
  conditions: os=android & cpu=x64
  languageName: node
  linkType: hard

"esbuild-android-arm64@npm:0.14.47":
  version: 0.14.47
  resolution: "esbuild-android-arm64@npm:0.14.47"
  conditions: os=android & cpu=arm64
  languageName: node
  linkType: hard

"esbuild-darwin-64@npm:0.14.47":
  version: 0.14.47
  resolution: "esbuild-darwin-64@npm:0.14.47"
  conditions: os=darwin & cpu=x64
  languageName: node
  linkType: hard

"esbuild-darwin-arm64@npm:0.14.47":
  version: 0.14.47
  resolution: "esbuild-darwin-arm64@npm:0.14.47"
  conditions: os=darwin & cpu=arm64
  languageName: node
  linkType: hard

"esbuild-freebsd-64@npm:0.14.47":
  version: 0.14.47
  resolution: "esbuild-freebsd-64@npm:0.14.47"
  conditions: os=freebsd & cpu=x64
  languageName: node
  linkType: hard

"esbuild-freebsd-arm64@npm:0.14.47":
  version: 0.14.47
  resolution: "esbuild-freebsd-arm64@npm:0.14.47"
  conditions: os=freebsd & cpu=arm64
  languageName: node
  linkType: hard

"esbuild-linux-32@npm:0.14.47":
  version: 0.14.47
  resolution: "esbuild-linux-32@npm:0.14.47"
  conditions: os=linux & cpu=ia32
  languageName: node
  linkType: hard

"esbuild-linux-64@npm:0.14.47":
  version: 0.14.47
  resolution: "esbuild-linux-64@npm:0.14.47"
  conditions: os=linux & cpu=x64
  languageName: node
  linkType: hard

"esbuild-linux-arm64@npm:0.14.47":
  version: 0.14.47
  resolution: "esbuild-linux-arm64@npm:0.14.47"
  conditions: os=linux & cpu=arm64
  languageName: node
  linkType: hard

"esbuild-linux-arm@npm:0.14.47":
  version: 0.14.47
  resolution: "esbuild-linux-arm@npm:0.14.47"
  conditions: os=linux & cpu=arm
  languageName: node
  linkType: hard

"esbuild-linux-mips64le@npm:0.14.47":
  version: 0.14.47
  resolution: "esbuild-linux-mips64le@npm:0.14.47"
  conditions: os=linux & cpu=mips64el
  languageName: node
  linkType: hard

"esbuild-linux-ppc64le@npm:0.14.47":
  version: 0.14.47
  resolution: "esbuild-linux-ppc64le@npm:0.14.47"
  conditions: os=linux & cpu=ppc64
  languageName: node
  linkType: hard

"esbuild-linux-riscv64@npm:0.14.47":
  version: 0.14.47
  resolution: "esbuild-linux-riscv64@npm:0.14.47"
  conditions: os=linux & cpu=riscv64
  languageName: node
  linkType: hard

"esbuild-linux-s390x@npm:0.14.47":
  version: 0.14.47
  resolution: "esbuild-linux-s390x@npm:0.14.47"
  conditions: os=linux & cpu=s390x
  languageName: node
  linkType: hard

"esbuild-netbsd-64@npm:0.14.47":
  version: 0.14.47
  resolution: "esbuild-netbsd-64@npm:0.14.47"
  conditions: os=netbsd & cpu=x64
  languageName: node
  linkType: hard

"esbuild-openbsd-64@npm:0.14.47":
  version: 0.14.47
  resolution: "esbuild-openbsd-64@npm:0.14.47"
  conditions: os=openbsd & cpu=x64
  languageName: node
  linkType: hard

"esbuild-runner@npm:^2.2.1":
  version: 2.2.1
  resolution: "esbuild-runner@npm:2.2.1"
  dependencies:
    source-map-support: 0.5.19
    tslib: 2.3.1
  peerDependencies:
    esbuild: "*"
  bin:
    esr: bin/esr.js
  checksum: 6818c1a0b7773ca6d688ceb8dc33f8077eabf1a3154c86b5e9006321c11a29a5544500f56456e804cdbdefae2281614e2e2b2bf1173316f80e36a2da496d3795
  languageName: node
  linkType: hard

"esbuild-sunos-64@npm:0.14.47":
  version: 0.14.47
  resolution: "esbuild-sunos-64@npm:0.14.47"
  conditions: os=sunos & cpu=x64
  languageName: node
  linkType: hard

"esbuild-windows-32@npm:0.14.47":
  version: 0.14.47
  resolution: "esbuild-windows-32@npm:0.14.47"
  conditions: os=win32 & cpu=ia32
  languageName: node
  linkType: hard

"esbuild-windows-64@npm:0.14.47":
  version: 0.14.47
  resolution: "esbuild-windows-64@npm:0.14.47"
  conditions: os=win32 & cpu=x64
  languageName: node
  linkType: hard

"esbuild-windows-arm64@npm:0.14.47":
  version: 0.14.47
  resolution: "esbuild-windows-arm64@npm:0.14.47"
  conditions: os=win32 & cpu=arm64
  languageName: node
  linkType: hard

"esbuild@npm:^0.14.47":
  version: 0.14.47
  resolution: "esbuild@npm:0.14.47"
  dependencies:
    esbuild-android-64: 0.14.47
    esbuild-android-arm64: 0.14.47
    esbuild-darwin-64: 0.14.47
    esbuild-darwin-arm64: 0.14.47
    esbuild-freebsd-64: 0.14.47
    esbuild-freebsd-arm64: 0.14.47
    esbuild-linux-32: 0.14.47
    esbuild-linux-64: 0.14.47
    esbuild-linux-arm: 0.14.47
    esbuild-linux-arm64: 0.14.47
    esbuild-linux-mips64le: 0.14.47
    esbuild-linux-ppc64le: 0.14.47
    esbuild-linux-riscv64: 0.14.47
    esbuild-linux-s390x: 0.14.47
    esbuild-netbsd-64: 0.14.47
    esbuild-openbsd-64: 0.14.47
    esbuild-sunos-64: 0.14.47
    esbuild-windows-32: 0.14.47
    esbuild-windows-64: 0.14.47
    esbuild-windows-arm64: 0.14.47
  dependenciesMeta:
    esbuild-android-64:
      optional: true
    esbuild-android-arm64:
      optional: true
    esbuild-darwin-64:
      optional: true
    esbuild-darwin-arm64:
      optional: true
    esbuild-freebsd-64:
      optional: true
    esbuild-freebsd-arm64:
      optional: true
    esbuild-linux-32:
      optional: true
    esbuild-linux-64:
      optional: true
    esbuild-linux-arm:
      optional: true
    esbuild-linux-arm64:
      optional: true
    esbuild-linux-mips64le:
      optional: true
    esbuild-linux-ppc64le:
      optional: true
    esbuild-linux-riscv64:
      optional: true
    esbuild-linux-s390x:
      optional: true
    esbuild-netbsd-64:
      optional: true
    esbuild-openbsd-64:
      optional: true
    esbuild-sunos-64:
      optional: true
    esbuild-windows-32:
      optional: true
    esbuild-windows-64:
      optional: true
    esbuild-windows-arm64:
      optional: true
  bin:
    esbuild: bin/esbuild
  checksum: 77a8bff8c3fe52dc9d2823448843b0f53c9a9f3701e3637a54e396270c9ca04cc46a4b08ef86cbaa8d202854e02c790f61683bfa75ebff540b1e24414f536e91
  languageName: node
  linkType: hard

"js-tokens@npm:^3.0.0 || ^4.0.0":
  version: 4.0.0
  resolution: "js-tokens@npm:4.0.0"
  checksum: 8a95213a5a77deb6cbe94d86340e8d9ace2b93bc367790b260101d2f36a2eaf4e4e22d9fa9cf459b38af3a32fb4190e638024cf82ec95ef708680e405ea7cc78
  languageName: node
  linkType: hard

"loose-envify@npm:^1.1.0":
  version: 1.4.0
  resolution: "loose-envify@npm:1.4.0"
  dependencies:
    js-tokens: ^3.0.0 || ^4.0.0
  bin:
    loose-envify: cli.js
  checksum: 6517e24e0cad87ec9888f500c5b5947032cdfe6ef65e1c1936a0c48a524b81e65542c9c3edc91c97d5bddc806ee2a985dbc79be89215d613b1de5db6d1cfe6f4
  languageName: node
  linkType: hard

"react-dom@npm:^18.2.0":
  version: 18.2.0
  resolution: "react-dom@npm:18.2.0"
  dependencies:
    loose-envify: ^1.1.0
    scheduler: ^0.23.0
  peerDependencies:
    react: ^18.2.0
  checksum: 7d323310bea3a91be2965f9468d552f201b1c27891e45ddc2d6b8f717680c95a75ae0bc1e3f5cf41472446a2589a75aed4483aee8169287909fcd59ad149e8cc
  languageName: node
  linkType: hard

"react@npm:^18.2.0":
  version: 18.2.0
  resolution: "react@npm:18.2.0"
  dependencies:
    loose-envify: ^1.1.0
  checksum: 88e38092da8839b830cda6feef2e8505dec8ace60579e46aa5490fc3dc9bba0bd50336507dc166f43e3afc1c42939c09fe33b25fae889d6f402721dcd78fca1b
  languageName: node
  linkType: hard

"scheduler@npm:^0.23.0":
  version: 0.23.0
  resolution: "scheduler@npm:0.23.0"
  dependencies:
    loose-envify: ^1.1.0
  checksum: d79192eeaa12abef860c195ea45d37cbf2bbf5f66e3c4dcd16f54a7da53b17788a70d109ee3d3dde1a0fd50e6a8fc171f4300356c5aee4fc0171de526bf35f8a
  languageName: node
  linkType: hard

"source-map-support@npm:0.5.19":
  version: 0.5.19
  resolution: "source-map-support@npm:0.5.19"
  dependencies:
    buffer-from: ^1.0.0
    source-map: ^0.6.0
  checksum: c72802fdba9cb62b92baef18cc14cc4047608b77f0353e6c36dd993444149a466a2845332c5540d4a6630957254f0f68f4ef5a0120c33d2e83974c51a05afbac
  languageName: node
  linkType: hard

"source-map@npm:^0.6.0":
  version: 0.6.1
  resolution: "source-map@npm:0.6.1"
  checksum: 59ce8640cf3f3124f64ac289012c2b8bd377c238e316fb323ea22fbfe83da07d81e000071d7242cad7a23cd91c7de98e4df8830ec3f133cb6133a5f6e9f67bc2
  languageName: node
  linkType: hard

"tslib@npm:2.3.1":
  version: 2.3.1
  resolution: "tslib@npm:2.3.1"
  checksum: de17a98d4614481f7fcb5cd53ffc1aaf8654313be0291e1bfaee4b4bb31a20494b7d218ff2e15017883e8ea9626599b3b0e0229c18383ba9dce89da2adf15cb9
  languageName: node
  linkType: hard
